// !$*UTF8*$!
{
	archiveVersion = 1;
	classes = {
	};
	objectVersion = 46;
	objects = {

/* Begin PBXBuildFile section */
		6EADA37219BD14D700487823 /* Foundation.framework in Frameworks */ = {isa = PBXBuildFile; fileRef = 6EADA37119BD14D700487823 /* Foundation.framework */; };
		6EADA37419BD14D700487823 /* CoreGraphics.framework in Frameworks */ = {isa = PBXBuildFile; fileRef = 6EADA37319BD14D700487823 /* CoreGraphics.framework */; };
		6EADA37619BD14D700487823 /* UIKit.framework in Frameworks */ = {isa = PBXBuildFile; fileRef = 6EADA37519BD14D700487823 /* UIKit.framework */; };
		6EADA37C19BD14D700487823 /* InfoPlist.strings in Resources */ = {isa = PBXBuildFile; fileRef = 6EADA37A19BD14D700487823 /* InfoPlist.strings */; };
		6EADA37E19BD14D700487823 /* main.m in Sources */ = {isa = PBXBuildFile; fileRef = 6EADA37D19BD14D700487823 /* main.m */; };
		6EADA38219BD14D800487823 /* RDDAppDelegate.m in Sources */ = {isa = PBXBuildFile; fileRef = 6EADA38119BD14D800487823 /* RDDAppDelegate.m */; };
		6EADA38519BD14D800487823 /* Main.storyboard in Resources */ = {isa = PBXBuildFile; fileRef = 6EADA38319BD14D800487823 /* Main.storyboard */; };
		6EADA38819BD14D800487823 /* RDDViewController.m in Sources */ = {isa = PBXBuildFile; fileRef = 6EADA38719BD14D800487823 /* RDDViewController.m */; };
		6EADA38A19BD14D800487823 /* Images.xcassets in Resources */ = {isa = PBXBuildFile; fileRef = 6EADA38919BD14D800487823 /* Images.xcassets */; };
		6EADA39119BD14D800487823 /* XCTest.framework in Frameworks */ = {isa = PBXBuildFile; fileRef = 6EADA39019BD14D800487823 /* XCTest.framework */; };
		6EADA39219BD14D800487823 /* Foundation.framework in Frameworks */ = {isa = PBXBuildFile; fileRef = 6EADA37119BD14D700487823 /* Foundation.framework */; };
		6EADA39319BD14D800487823 /* UIKit.framework in Frameworks */ = {isa = PBXBuildFile; fileRef = 6EADA37519BD14D700487823 /* UIKit.framework */; };
		6EADA39B19BD14D800487823 /* InfoPlist.strings in Resources */ = {isa = PBXBuildFile; fileRef = 6EADA39919BD14D800487823 /* InfoPlist.strings */; };
		6EADA39D19BD14D800487823 /* Git_TestTests.m in Sources */ = {isa = PBXBuildFile; fileRef = 6EADA39C19BD14D800487823 /* Git_TestTests.m */; };
/* End PBXBuildFile section */

/* Begin PBXContainerItemProxy section */
		6EADA39419BD14D800487823 /* PBXContainerItemProxy */ = {
			isa = PBXContainerItemProxy;
			containerPortal = 6EADA36619BD14D700487823 /* Project object */;
			proxyType = 1;
			remoteGlobalIDString = 6EADA36D19BD14D700487823;
			remoteInfo = "Git Test";
		};
/* End PBXContainerItemProxy section */

/* Begin PBXFileReference section */
		6EADA36E19BD14D700487823 /* Git Test.app */ = {isa = PBXFileReference; explicitFileType = wrapper.application; includeInIndex = 0; path = "Git Test.app"; sourceTree = BUILT_PRODUCTS_DIR; };
		6EADA37119BD14D700487823 /* Foundation.framework */ = {isa = PBXFileReference; lastKnownFileType = wrapper.framework; name = Foundation.framework; path = System/Library/Frameworks/Foundation.framework; sourceTree = SDKROOT; };
		6EADA37319BD14D700487823 /* CoreGraphics.framework */ = {isa = PBXFileReference; lastKnownFileType = wrapper.framework; name = CoreGraphics.framework; path = System/Library/Frameworks/CoreGraphics.framework; sourceTree = SDKROOT; };
		6EADA37519BD14D700487823 /* UIKit.framework */ = {isa = PBXFileReference; lastKnownFileType = wrapper.framework; name = UIKit.framework; path = System/Library/Frameworks/UIKit.framework; sourceTree = SDKROOT; };
		6EADA37919BD14D700487823 /* Git Test-Info.plist */ = {isa = PBXFileReference; lastKnownFileType = text.plist.xml; path = "Git Test-Info.plist"; sourceTree = "<group>"; };
		6EADA37B19BD14D700487823 /* en */ = {isa = PBXFileReference; lastKnownFileType = text.plist.strings; name = en; path = en.lproj/InfoPlist.strings; sourceTree = "<group>"; };
		6EADA37D19BD14D700487823 /* main.m */ = {isa = PBXFileReference; lastKnownFileType = sourcecode.c.objc; path = main.m; sourceTree = "<group>"; };
		6EADA37F19BD14D700487823 /* Git Test-Prefix.pch */ = {isa = PBXFileReference; lastKnownFileType = sourcecode.c.h; path = "Git Test-Prefix.pch"; sourceTree = "<group>"; };
		6EADA38019BD14D700487823 /* RDDAppDelegate.h */ = {isa = PBXFileReference; lastKnownFileType = sourcecode.c.h; path = RDDAppDelegate.h; sourceTree = "<group>"; };
		6EADA38119BD14D800487823 /* RDDAppDelegate.m */ = {isa = PBXFileReference; lastKnownFileType = sourcecode.c.objc; path = RDDAppDelegate.m; sourceTree = "<group>"; };
		6EADA38419BD14D800487823 /* Base */ = {isa = PBXFileReference; lastKnownFileType = file.storyboard; name = Base; path = Base.lproj/Main.storyboard; sourceTree = "<group>"; };
		6EADA38619BD14D800487823 /* RDDViewController.h */ = {isa = PBXFileReference; lastKnownFileType = sourcecode.c.h; path = RDDViewController.h; sourceTree = "<group>"; };
		6EADA38719BD14D800487823 /* RDDViewController.m */ = {isa = PBXFileReference; lastKnownFileType = sourcecode.c.objc; path = RDDViewController.m; sourceTree = "<group>"; };
		6EADA38919BD14D800487823 /* Images.xcassets */ = {isa = PBXFileReference; lastKnownFileType = folder.assetcatalog; path = Images.xcassets; sourceTree = "<group>"; };
		6EADA38F19BD14D800487823 /* Git TestTests.xctest */ = {isa = PBXFileReference; explicitFileType = wrapper.cfbundle; includeInIndex = 0; path = "Git TestTests.xctest"; sourceTree = BUILT_PRODUCTS_DIR; };
		6EADA39019BD14D800487823 /* XCTest.framework */ = {isa = PBXFileReference; lastKnownFileType = wrapper.framework; name = XCTest.framework; path = Library/Frameworks/XCTest.framework; sourceTree = DEVELOPER_DIR; };
		6EADA39819BD14D800487823 /* Git TestTests-Info.plist */ = {isa = PBXFileReference; lastKnownFileType = text.plist.xml; path = "Git TestTests-Info.plist"; sourceTree = "<group>"; };
		6EADA39A19BD14D800487823 /* en */ = {isa = PBXFileReference; lastKnownFileType = text.plist.strings; name = en; path = en.lproj/InfoPlist.strings; sourceTree = "<group>"; };
		6EADA39C19BD14D800487823 /* Git_TestTests.m */ = {isa = PBXFileReference; lastKnownFileType = sourcecode.c.objc; path = Git_TestTests.m; sourceTree = "<group>"; };
/* End PBXFileReference section */

/* Begin PBXFrameworksBuildPhase section */
		6EADA36B19BD14D700487823 /* Frameworks */ = {
			isa = PBXFrameworksBuildPhase;
			buildActionMask = 2147483647;
			files = (
				6EADA37419BD14D700487823 /* CoreGraphics.framework in Frameworks */,
				6EADA37619BD14D700487823 /* UIKit.framework in Frameworks */,
				6EADA37219BD14D700487823 /* Foundation.framework in Frameworks */,
			);
			runOnlyForDeploymentPostprocessing = 0;
		};
		6EADA38C19BD14D800487823 /* Frameworks */ = {
			isa = PBXFrameworksBuildPhase;
			buildActionMask = 2147483647;
			files = (
				6EADA39119BD14D800487823 /* XCTest.framework in Frameworks */,
				6EADA39319BD14D800487823 /* UIKit.framework in Frameworks */,
				6EADA39219BD14D800487823 /* Foundation.framework in Frameworks */,
			);
			runOnlyForDeploymentPostprocessing = 0;
		};
/* End PBXFrameworksBuildPhase section */

/* Begin PBXGroup section */
		6EADA36519BD14D700487823 = {
			isa = PBXGroup;
			children = (
				6EADA37719BD14D700487823 /* Git Test */,
				6EADA39619BD14D800487823 /* Git TestTests */,
				6EADA37019BD14D700487823 /* Frameworks */,
				6EADA36F19BD14D700487823 /* Products */,
			);
			sourceTree = "<group>";
		};
		6EADA36F19BD14D700487823 /* Products */ = {
			isa = PBXGroup;
			children = (
				6EADA36E19BD14D700487823 /* Git Test.app */,
				6EADA38F19BD14D800487823 /* Git TestTests.xctest */,
			);
			name = Products;
			sourceTree = "<group>";
		};
		6EADA37019BD14D700487823 /* Frameworks */ = {
			isa = PBXGroup;
			children = (
				6EADA37119BD14D700487823 /* Foundation.framework */,
				6EADA37319BD14D700487823 /* CoreGraphics.framework */,
				6EADA37519BD14D700487823 /* UIKit.framework */,
				6EADA39019BD14D800487823 /* XCTest.framework */,
			);
			name = Frameworks;
			sourceTree = "<group>";
		};
		6EADA37719BD14D700487823 /* Git Test */ = {
			isa = PBXGroup;
			children = (
				6EADA38019BD14D700487823 /* RDDAppDelegate.h */,
				6EADA38119BD14D800487823 /* RDDAppDelegate.m */,
				6EADA38319BD14D800487823 /* Main.storyboard */,
				6EADA38619BD14D800487823 /* RDDViewController.h */,
				6EADA38719BD14D800487823 /* RDDViewController.m */,
				6EADA38919BD14D800487823 /* Images.xcassets */,
				6EADA37819BD14D700487823 /* Supporting Files */,
			);
			path = "Git Test";
			sourceTree = "<group>";
		};
		6EADA37819BD14D700487823 /* Supporting Files */ = {
			isa = PBXGroup;
			children = (
				6EADA37919BD14D700487823 /* Git Test-Info.plist */,
				6EADA37A19BD14D700487823 /* InfoPlist.strings */,
				6EADA37D19BD14D700487823 /* main.m */,
				6EADA37F19BD14D700487823 /* Git Test-Prefix.pch */,
			);
			name = "Supporting Files";
			sourceTree = "<group>";
		};
		6EADA39619BD14D800487823 /* Git TestTests */ = {
			isa = PBXGroup;
			children = (
				6EADA39C19BD14D800487823 /* Git_TestTests.m */,
				6EADA39719BD14D800487823 /* Supporting Files */,
			);
			path = "Git TestTests";
			sourceTree = "<group>";
		};
		6EADA39719BD14D800487823 /* Supporting Files */ = {
			isa = PBXGroup;
			children = (
				6EADA39819BD14D800487823 /* Git TestTests-Info.plist */,
				6EADA39919BD14D800487823 /* InfoPlist.strings */,
			);
			name = "Supporting Files";
			sourceTree = "<group>";
		};
/* End PBXGroup section */

/* Begin PBXNativeTarget section */
		6EADA36D19BD14D700487823 /* Git Test */ = {
			isa = PBXNativeTarget;
			buildConfigurationList = 6EADA3A019BD14D800487823 /* Build configuration list for PBXNativeTarget "Git Test" */;
			buildPhases = (
				6EADA36A19BD14D700487823 /* Sources */,
				6EADA36B19BD14D700487823 /* Frameworks */,
				6EADA36C19BD14D700487823 /* Resources */,
			);
			buildRules = (
			);
			dependencies = (
			);
			name = "Git Test";
			productName = "Git Test";
			productReference = 6EADA36E19BD14D700487823 /* Git Test.app */;
			productType = "com.apple.product-type.application";
		};
		6EADA38E19BD14D800487823 /* Git TestTests */ = {
			isa = PBXNativeTarget;
			buildConfigurationList = 6EADA3A319BD14D800487823 /* Build configuration list for PBXNativeTarget "Git TestTests" */;
			buildPhases = (
				6EADA38B19BD14D800487823 /* Sources */,
				6EADA38C19BD14D800487823 /* Frameworks */,
				6EADA38D19BD14D800487823 /* Resources */,
			);
			buildRules = (
			);
			dependencies = (
				6EADA39519BD14D800487823 /* PBXTargetDependency */,
			);
			name = "Git TestTests";
			productName = "Git TestTests";
			productReference = 6EADA38F19BD14D800487823 /* Git TestTests.xctest */;
			productType = "com.apple.product-type.bundle.unit-test";
		};
/* End PBXNativeTarget section */

/* Begin PBXProject section */
		6EADA36619BD14D700487823 /* Project object */ = {
			isa = PBXProject;
			attributes = {
				CLASSPREFIX = RDD;
				LastUpgradeCheck = 0510;
				ORGANIZATIONNAME = RDuran;
				TargetAttributes = {
					6EADA38E19BD14D800487823 = {
						TestTargetID = 6EADA36D19BD14D700487823;
					};
				};
			};
			buildConfigurationList = 6EADA36919BD14D700487823 /* Build configuration list for PBXProject "Git Test" */;
			compatibilityVersion = "Xcode 3.2";
			developmentRegion = English;
			hasScannedForEncodings = 0;
			knownRegions = (
				en,
				Base,
			);
			mainGroup = 6EADA36519BD14D700487823;
			productRefGroup = 6EADA36F19BD14D700487823 /* Products */;
			projectDirPath = "";
			projectRoot = "";
			targets = (
				6EADA36D19BD14D700487823 /* Git Test */,
				6EADA38E19BD14D800487823 /* Git TestTests */,
			);
		};
/* End PBXProject section */

/* Begin PBXResourcesBuildPhase section */
		6EADA36C19BD14D700487823 /* Resources */ = {
			isa = PBXResourcesBuildPhase;
			buildActionMask = 2147483647;
			files = (
				6EADA38A19BD14D800487823 /* Images.xcassets in Resources */,
				6EADA37C19BD14D700487823 /* InfoPlist.strings in Resources */,
				6EADA38519BD14D800487823 /* Main.storyboard in Resources */,
			);
			runOnlyForDeploymentPostprocessing = 0;
		};
		6EADA38D19BD14D800487823 /* Resources */ = {
			isa = PBXResourcesBuildPhase;
			buildActionMask = 2147483647;
			files = (
				6EADA39B19BD14D800487823 /* InfoPlist.strings in Resources */,
			);
			runOnlyForDeploymentPostprocessing = 0;
		};
/* End PBXResourcesBuildPhase section */

/* Begin PBXSourcesBuildPhase section */
		6EADA36A19BD14D700487823 /* Sources */ = {
			isa = PBXSourcesBuildPhase;
			buildActionMask = 2147483647;
			files = (
				6EADA37E19BD14D700487823 /* main.m in Sources */,
				6EADA38219BD14D800487823 /* RDDAppDelegate.m in Sources */,
				6EADA38819BD14D800487823 /* RDDViewController.m in Sources */,
			);
			runOnlyForDeploymentPostprocessing = 0;
		};
		6EADA38B19BD14D800487823 /* Sources */ = {
			isa = PBXSourcesBuildPhase;
			buildActionMask = 2147483647;
			files = (
				6EADA39D19BD14D800487823 /* Git_TestTests.m in Sources */,
			);
			runOnlyForDeploymentPostprocessing = 0;
		};
/* End PBXSourcesBuildPhase section */

/* Begin PBXTargetDependency section */
		6EADA39519BD14D800487823 /* PBXTargetDependency */ = {
			isa = PBXTargetDependency;
			target = 6EADA36D19BD14D700487823 /* Git Test */;
			targetProxy = 6EADA39419BD14D800487823 /* PBXContainerItemProxy */;
		};
/* End PBXTargetDependency section */

/* Begin PBXVariantGroup section */
		6EADA37A19BD14D700487823 /* InfoPlist.strings */ = {
			isa = PBXVariantGroup;
			children = (
				6EADA37B19BD14D700487823 /* en */,
			);
			name = InfoPlist.strings;
			sourceTree = "<group>";
		};
		6EADA38319BD14D800487823 /* Main.storyboard */ = {
			isa = PBXVariantGroup;
			children = (
				6EADA38419BD14D800487823 /* Base */,
			);
			name = Main.storyboard;
			sourceTree = "<group>";
		};
		6EADA39919BD14D800487823 /* InfoPlist.strings */ = {
			isa = PBXVariantGroup;
			children = (
				6EADA39A19BD14D800487823 /* en */,
			);
			name = InfoPlist.strings;
			sourceTree = "<group>";
		};
/* End PBXVariantGroup section */

/* Begin XCBuildConfiguration section */
		6EADA39E19BD14D800487823 /* Debug */ = {
			isa = XCBuildConfiguration;
			buildSettings = {
				ALWAYS_SEARCH_USER_PATHS = NO;
				CLANG_CXX_LANGUAGE_STANDARD = "gnu++0x";
				CLANG_CXX_LIBRARY = "libc++";
				CLANG_ENABLE_MODULES = YES;
				CLANG_ENABLE_OBJC_ARC = YES;
				CLANG_WARN_BOOL_CONVERSION = YES;
				CLANG_WARN_CONSTANT_CONVERSION = YES;
				CLANG_WARN_DIRECT_OBJC_ISA_USAGE = YES_ERROR;
				CLANG_WARN_EMPTY_BODY = YES;
				CLANG_WARN_ENUM_CONVERSION = YES;
				CLANG_WARN_INT_CONVERSION = YES;
				CLANG_WARN_OBJC_ROOT_CLASS = YES_ERROR;
				CLANG_WARN__DUPLICATE_METHOD_MATCH = YES;
				"CODE_SIGN_IDENTITY[sdk=iphoneos*]" = "iPhone Developer";
				COPY_PHASE_STRIP = NO;
				GCC_C_LANGUAGE_STANDARD = gnu99;
				GCC_DYNAMIC_NO_PIC = NO;
				GCC_OPTIMIZATION_LEVEL = 0;
				GCC_PREPROCESSOR_DEFINITIONS = (
					"DEBUG=1",
					"$(inherited)",
				);
				GCC_SYMBOLS_PRIVATE_EXTERN = NO;
				GCC_WARN_64_TO_32_BIT_CONVERSION = YES;
				GCC_WARN_ABOUT_RETURN_TYPE = YES_ERROR;
				GCC_WARN_UNDECLARED_SELECTOR = YES;
				GCC_WARN_UNINITIALIZED_AUTOS = YES_AGGRESSIVE;
				GCC_WARN_UNUSED_FUNCTION = YES;
				GCC_WARN_UNUSED_VARIABLE = YES;
				IPHONEOS_DEPLOYMENT_TARGET = 7.1;
				ONLY_ACTIVE_ARCH = YES;
				SDKROOT = iphoneos;
			};
			name = Debug;
		};
		6EADA39F19BD14D800487823 /* Release */ = {
			isa = XCBuildConfiguration;
			buildSettings = {
				ALWAYS_SEARCH_USER_PATHS = NO;
				CLANG_CXX_LANGUAGE_STANDARD = "gnu++0x";
				CLANG_CXX_LIBRARY = "libc++";
				CLANG_ENABLE_MODULES = YES;
				CLANG_ENABLE_OBJC_ARC = YES;
				CLANG_WARN_BOOL_CONVERSION = YES;
				CLANG_WARN_CONSTANT_CONVERSION = YES;
				CLANG_WARN_DIRECT_OBJC_ISA_USAGE = YES_ERROR;
				CLANG_WARN_EMPTY_BODY = YES;
				CLANG_WARN_ENUM_CONVERSION = YES;
				CLANG_WARN_INT_CONVERSION = YES;
				CLANG_WARN_OBJC_ROOT_CLASS = YES_ERROR;
				CLANG_WARN__DUPLICATE_METHOD_MATCH = YES;
				"CODE_SIGN_IDENTITY[sdk=iphoneos*]" = "iPhone Developer";
				COPY_PHASE_STRIP = YES;
				ENABLE_NS_ASSERTIONS = NO;
				GCC_C_LANGUAGE_STANDARD = gnu99;
				GCC_WARN_64_TO_32_BIT_CONVERSION = YES;
				GCC_WARN_ABOUT_RETURN_TYPE = YES_ERROR;
				GCC_WARN_UNDECLARED_SELECTOR = YES;
				GCC_WARN_UNINITIALIZED_AUTOS = YES_AGGRESSIVE;
				GCC_WARN_UNUSED_FUNCTION = YES;
				GCC_WARN_UNUSED_VARIABLE = YES;
				IPHONEOS_DEPLOYMENT_TARGET = 7.1;
				SDKROOT = iphoneos;
				VALIDATE_PRODUCT = YES;
			};
			name = Release;
		};
		6EADA3A119BD14D800487823 /* Debug */ = {
			isa = XCBuildConfiguration;
			buildSettings = {
				ASSETCATALOG_COMPILER_APPICON_NAME = AppIcon;
				ASSETCATALOG_COMPILER_LAUNCHIMAGE_NAME = LaunchImage;
				GCC_PRECOMPILE_PREFIX_HEADER = YES;
				GCC_PREFIX_HEADER = "Git Test/Git Test-Prefix.pch";
				INFOPLIST_FILE = "Git Test/Git Test-Info.plist";
				PRODUCT_NAME = "$(TARGET_NAME)";
				WRAPPER_EXTENSION = app;
			};
			name = Debug;
		};
		6EADA3A219BD14D800487823 /* Release */ = {
			isa = XCBuildConfiguration;
			buildSettings = {
				ASSETCATALOG_COMPILER_APPICON_NAME = AppIcon;
				ASSETCATALOG_COMPILER_LAUNCHIMAGE_NAME = LaunchImage;
				GCC_PRECOMPILE_PREFIX_HEADER = YES;
				GCC_PREFIX_HEADER = "Git Test/Git Test-Prefix.pch";
				INFOPLIST_FILE = "Git Test/Git Test-Info.plist";
				PRODUCT_NAME = "$(TARGET_NAME)";
				WRAPPER_EXTENSION = app;
			};
			name = Release;
		};
		6EADA3A419BD14D800487823 /* Debug */ = {
			isa = XCBuildConfiguration;
			buildSettings = {
				BUNDLE_LOADER = "$(BUILT_PRODUCTS_DIR)/Git Test.app/Git Test";
				FRAMEWORK_SEARCH_PATHS = (
					"$(SDKROOT)/Developer/Library/Frameworks",
					"$(inherited)",
					"$(DEVELOPER_FRAMEWORKS_DIR)",
				);
				GCC_PRECOMPILE_PREFIX_HEADER = YES;
				GCC_PREFIX_HEADER = "Git Test/Git Test-Prefix.pch";
				GCC_PREPROCESSOR_DEFINITIONS = (
					"DEBUG=1",
					"$(inherited)",
				);
				INFOPLIST_FILE = "Git TestTests/Git TestTests-Info.plist";
				PRODUCT_NAME = "$(TARGET_NAME)";
				TEST_HOST = "$(BUNDLE_LOADER)";
				WRAPPER_EXTENSION = xctest;
			};
			name = Debug;
		};
		6EADA3A519BD14D800487823 /* Release */ = {
			isa = XCBuildConfiguration;
			buildSettings = {
				BUNDLE_LOADER = "$(BUILT_PRODUCTS_DIR)/Git Test.app/Git Test";
				FRAMEWORK_SEARCH_PATHS = (
					"$(SDKROOT)/Developer/Library/Frameworks",
					"$(inherited)",
					"$(DEVELOPER_FRAMEWORKS_DIR)",
				);
				GCC_PRECOMPILE_PREFIX_HEADER = YES;
				GCC_PREFIX_HEADER = "Git Test/Git Test-Prefix.pch";
				INFOPLIST_FILE = "Git TestTests/Git TestTests-Info.plist";
				PRODUCT_NAME = "$(TARGET_NAME)";
				TEST_HOST = "$(BUNDLE_LOADER)";
				WRAPPER_EXTENSION = xctest;
			};
			name = Release;
		};
/* End XCBuildConfiguration section */

/* Begin XCConfigurationList section */
		6EADA36919BD14D700487823 /* Build configuration list for PBXProject "Git Test" */ = {
			isa = XCConfigurationList;
			buildConfigurations = (
				6EADA39E19BD14D800487823 /* Debug */,
				6EADA39F19BD14D800487823 /* Release */,
			);
			defaultConfigurationIsVisible = 0;
			defaultConfigurationName = Release;
		};
		6EADA3A019BD14D800487823 /* Build configuration list for PBXNativeTarget "Git Test" */ = {
			isa = XCConfigurationList;
			buildConfigurations = (
				6EADA3A119BD14D800487823 /* Debug */,
				6EADA3A219BD14D800487823 /* Release */,
			);
			defaultConfigurationIsVisible = 0;
		};
		6EADA3A319BD14D800487823 /* Build configuration list for PBXNativeTarget "Git TestTests" */ = {
			isa = XCConfigurationList;
			buildConfigurations = (
				6EADA3A419BD14D800487823 /* Debug */,
				6EADA3A519BD14D800487823 /* Release */,
			);
			defaultConfigurationIsVisible = 0;
		};
/* End XCConfigurationList section */
	};
	rootObject = 6EADA36619BD14D700487823 /* Project object */;
}
